
Microsoft Visual Studio Solution File, Format Version 12.00
# Visual Studio Version 17
VisualStudioVersion = 17.3.32922.545
MinimumVisualStudioVersion = 10.0.40219.1
Project("{9A19103F-16F7-4668-BE54-9A1E7A4F7556}") = "DemExam", "DemExam.csproj", "{8E8D5B85-B510-46E8-B0F7-564D45248F00}"
EndProject
Global
	GlobalSection(SolutionConfigurationPlatforms) = preSolution
		Debug|Any CPU = Debug|Any CPU
		Debug|x64 = Debug|x64
		Release|Any CPU = Release|Any CPU
		Release|x64 = Release|x64
	EndGlobalSection
	GlobalSection(ProjectConfigurationPlatforms) = postSolution
		{8E8D5B85-B510-46E8-B0F7-564D45248F00}.Debug|Any CPU.ActiveCfg = Debug|Any CPU
		{8E8D5B85-B510-46E8-B0F7-564D45248F00}.Debug|Any CPU.Build.0 = Debug|Any CPU
		{8E8D5B85-B510-46E8-B0F7-564D45248F00}.Debug|x64.ActiveCfg = Debug|x64
		{8E8D5B85-B510-46E8-B0F7-564D45248F00}.Debug|x64.Build.0 = Debug|x64
		{8E8D5B85-B510-46E8-B0F7-564D45248F00}.Release|Any CPU.ActiveCfg = Release|Any CPU
		{8E8D5B85-B510-46E8-B0F7-564D45248F00}.Release|Any CPU.Build.0 = Release|Any CPU
		{8E8D5B85-B510-46E8-B0F7-564D45248F00}.Release|x64.ActiveCfg = Release|x64
		{8E8D5B85-B510-46E8-B0F7-564D45248F00}.Release|x64.Build.0 = Release|x64
	EndGlobalSection
	GlobalSection(SolutionProperties) = preSolution
		HideSolutionNode = FALSE
	EndGlobalSection
	GlobalSection(ExtensibilityGlobals) = postSolution
		SolutionGuid = {53170465-D99D-4663-B050-E3C498FF3D21}
	EndGlobalSection
EndGlobal
