
Microsoft Visual Studio Solution File, Format Version 12.00
# Visual Studio Version 17
VisualStudioVersion = 17.3.32922.545
MinimumVisualStudioVersion = 10.0.40219.1
Project("{FAE04EC0-301F-11D3-BF4B-00C04F79EFBC}") = "DemExam", "DemExam.csproj", "{8E8D5B85-B510-46E8-B0F7-564D45248F00}"
EndProject
Global
	GlobalSection(SolutionConfigurationPlatforms) = preSolution
		Debug|Any CPU = Debug|Any CPU
		Release|Any CPU = Release|Any CPU
	EndGlobalSection
	GlobalSection(ProjectConfigurationPlatforms) = postSolution
		{8E8D5B85-B510-46E8-B0F7-564D45248F00}.Debug|Any CPU.ActiveCfg = Debug|Any CPU
		{8E8D5B85-B510-46E8-B0F7-564D45248F00}.Debug|Any CPU.Build.0 = Debug|Any CPU
		{8E8D5B85-B510-46E8-B0F7-564D45248F00}.Release|Any CPU.ActiveCfg = Release|Any CPU
		{8E8D5B85-B510-46E8-B0F7-564D45248F00}.Release|Any CPU.Build.0 = Release|Any CPU
	EndGlobalSection
	GlobalSection(SolutionProperties) = preSolution
		HideSolutionNode = FALSE
	EndGlobalSection
	GlobalSection(ExtensibilityGlobals) = postSolution
		SolutionGuid = {53170465-D99D-4663-B050-E3C498FF3D21}
	EndGlobalSection
EndGlobal
